
Microsoft Visual Studio Solution File, Format Version 12.00
# Visual Studio Version 16
VisualStudioVersion = 16.0.29806.167
MinimumVisualStudioVersion = 15.0.26124.0
Project("{2150E333-8FDC-42A3-9474-1A3956D46DE8}") = "Solution Items", "Solution Items", "{61EB5940-034B-4AE7-8525-8878E0699E2C}"
	ProjectSection(SolutionItems) = preProject
		.editorconfig = .editorconfig
		.gitattributes = .gitattributes
		.gitignore = .gitignore
		README.md = README.md
		Description.md = Description.md
	EndProjectSection
EndProject
Project("{2150E333-8FDC-42A3-9474-1A3956D46DE8}") = "src", "src", "{56A0F0DE-D2FD-4E9B-A93A-EF1BBA3D7B59}"
EndProject
Project("{FAE04EC0-301F-11D3-BF4B-00C04F79EFBC}") = "Quotes", "src\Quotes\Quotes.csproj", "{4158E297-660E-47B1-B87F-321C6F187B45}"
EndProject
Project("{2150E333-8FDC-42A3-9474-1A3956D46DE8}") = "test", "test", "{0475636A-A762-467E-B82A-250BFF988809}"
EndProject
Project("{FAE04EC0-301F-11D3-BF4B-00C04F79EFBC}") = "Quotes.Tests", "test\Quotes\Quotes.Tests.csproj", "{A666FE0D-6715-412F-B7CA-B514FF06B85A}"
EndProject
Global
	GlobalSection(SolutionConfigurationPlatforms) = preSolution
		Debug|Any CPU = Debug|Any CPU
		Debug|x64 = Debug|x64
		Debug|x86 = Debug|x86
		Release|Any CPU = Release|Any CPU
		Release|x64 = Release|x64
		Release|x86 = Release|x86
	EndGlobalSection
	GlobalSection(SolutionProperties) = preSolution
		HideSolutionNode = FALSE
	EndGlobalSection
	GlobalSection(ExtensibilityGlobals) = postSolution
		SolutionGuid = {6A3C30EE-5034-468A-A8E8-5A4E84DBB338}
	EndGlobalSection
	GlobalSection(ProjectConfigurationPlatforms) = postSolution
		{4158E297-660E-47B1-B87F-321C6F187B45}.Debug|Any CPU.ActiveCfg = Debug|Any CPU
		{4158E297-660E-47B1-B87F-321C6F187B45}.Debug|Any CPU.Build.0 = Debug|Any CPU
		{4158E297-660E-47B1-B87F-321C6F187B45}.Debug|x64.ActiveCfg = Debug|Any CPU
		{4158E297-660E-47B1-B87F-321C6F187B45}.Debug|x64.Build.0 = Debug|Any CPU
		{4158E297-660E-47B1-B87F-321C6F187B45}.Debug|x86.ActiveCfg = Debug|Any CPU
		{4158E297-660E-47B1-B87F-321C6F187B45}.Debug|x86.Build.0 = Debug|Any CPU
		{4158E297-660E-47B1-B87F-321C6F187B45}.Release|Any CPU.ActiveCfg = Release|Any CPU
		{4158E297-660E-47B1-B87F-321C6F187B45}.Release|Any CPU.Build.0 = Release|Any CPU
		{4158E297-660E-47B1-B87F-321C6F187B45}.Release|x64.ActiveCfg = Release|Any CPU
		{4158E297-660E-47B1-B87F-321C6F187B45}.Release|x64.Build.0 = Release|Any CPU
		{4158E297-660E-47B1-B87F-321C6F187B45}.Release|x86.ActiveCfg = Release|Any CPU
		{4158E297-660E-47B1-B87F-321C6F187B45}.Release|x86.Build.0 = Release|Any CPU
		{A666FE0D-6715-412F-B7CA-B514FF06B85A}.Debug|Any CPU.ActiveCfg = Debug|Any CPU
		{A666FE0D-6715-412F-B7CA-B514FF06B85A}.Debug|Any CPU.Build.0 = Debug|Any CPU
		{A666FE0D-6715-412F-B7CA-B514FF06B85A}.Debug|x64.ActiveCfg = Debug|Any CPU
		{A666FE0D-6715-412F-B7CA-B514FF06B85A}.Debug|x64.Build.0 = Debug|Any CPU
		{A666FE0D-6715-412F-B7CA-B514FF06B85A}.Debug|x86.ActiveCfg = Debug|Any CPU
		{A666FE0D-6715-412F-B7CA-B514FF06B85A}.Debug|x86.Build.0 = Debug|Any CPU
		{A666FE0D-6715-412F-B7CA-B514FF06B85A}.Release|Any CPU.ActiveCfg = Release|Any CPU
		{A666FE0D-6715-412F-B7CA-B514FF06B85A}.Release|Any CPU.Build.0 = Release|Any CPU
		{A666FE0D-6715-412F-B7CA-B514FF06B85A}.Release|x64.ActiveCfg = Release|Any CPU
		{A666FE0D-6715-412F-B7CA-B514FF06B85A}.Release|x64.Build.0 = Release|Any CPU
		{A666FE0D-6715-412F-B7CA-B514FF06B85A}.Release|x86.ActiveCfg = Release|Any CPU
		{A666FE0D-6715-412F-B7CA-B514FF06B85A}.Release|x86.Build.0 = Release|Any CPU
	EndGlobalSection
	GlobalSection(NestedProjects) = preSolution
		{4158E297-660E-47B1-B87F-321C6F187B45} = {56A0F0DE-D2FD-4E9B-A93A-EF1BBA3D7B59}
		{A666FE0D-6715-412F-B7CA-B514FF06B85A} = {0475636A-A762-467E-B82A-250BFF988809}
	EndGlobalSection
EndGlobal
